
Microsoft Visual Studio Solution File, Format Version 12.00
# Visual Studio Version 16
VisualStudioVersion = 16.0.31410.357
MinimumVisualStudioVersion = 10.0.40219.1
Project("{FAE04EC0-301F-11D3-BF4B-00C04F79EFBC}") = "Demo1129", "Demo1129\Demo1129.csproj", "{48D95FF4-D448-4F06-8CD0-23DB021DA74D}"
EndProject
Global
	GlobalSection(SolutionConfigurationPlatforms) = preSolution
		Debug|Any CPU = Debug|Any CPU
		Release|Any CPU = Release|Any CPU
	EndGlobalSection
	GlobalSection(ProjectConfigurationPlatforms) = postSolution
		{48D95FF4-D448-4F06-8CD0-23DB021DA74D}.Debug|Any CPU.ActiveCfg = Debug|Any CPU
		{48D95FF4-D448-4F06-8CD0-23DB021DA74D}.Debug|Any CPU.Build.0 = Debug|Any CPU
		{48D95FF4-D448-4F06-8CD0-23DB021DA74D}.Release|Any CPU.ActiveCfg = Release|Any CPU
		{48D95FF4-D448-4F06-8CD0-23DB021DA74D}.Release|Any CPU.Build.0 = Release|Any CPU
	EndGlobalSection
	GlobalSection(SolutionProperties) = preSolution
		HideSolutionNode = FALSE
	EndGlobalSection
	GlobalSection(ExtensibilityGlobals) = postSolution
		SolutionGuid = {FCF3B17F-1422-459B-99FD-FD1B93BF3233}
	EndGlobalSection
EndGlobal
